// !$*UTF8*$!
{
	archiveVersion = 1;
	classes = {
	};
	objectVersion = 52;
	objects = {

/* Begin PBXBuildFile section */
		5511F840258427D50008CA0A /* ADGInfoViewController.swift in Sources */ = {isa = PBXBuildFile; fileRef = 5511F83F258427D50008CA0A /* ADGInfoViewController.swift */; };
		551B4352257BD7AC00E0BC52 /* TechnicalQuizVC.swift in Sources */ = {isa = PBXBuildFile; fileRef = 551B4351257BD7AC00E0BC52 /* TechnicalQuizVC.swift */; };
		551B4359257BD80600E0BC52 /* DesignQuizVC.swift in Sources */ = {isa = PBXBuildFile; fileRef = 551B4358257BD80600E0BC52 /* DesignQuizVC.swift */; };
		552C365D25760FD3004CE028 /* QandAViewController.swift in Sources */ = {isa = PBXBuildFile; fileRef = 552C365C25760FD3004CE028 /* QandAViewController.swift */; };
		552C366125761171004CE028 /* chatSectionViewController.swift in Sources */ = {isa = PBXBuildFile; fileRef = 552C366025761171004CE028 /* chatSectionViewController.swift */; };
		552C368525764D06004CE028 /* GeneralTopicVC.swift in Sources */ = {isa = PBXBuildFile; fileRef = 552C368425764D06004CE028 /* GeneralTopicVC.swift */; };
		552C368825764D23004CE028 /* TechnialVC.swift in Sources */ = {isa = PBXBuildFile; fileRef = 552C368725764D23004CE028 /* TechnialVC.swift */; };
		552C368B25764D2F004CE028 /* DesignVC.swift in Sources */ = {isa = PBXBuildFile; fileRef = 552C368A25764D2F004CE028 /* DesignVC.swift */; };
		552C368E25764D43004CE028 /* EditorialVC.swift in Sources */ = {isa = PBXBuildFile; fileRef = 552C368D25764D43004CE028 /* EditorialVC.swift */; };
		552C369125765777004CE028 /* GeneralTopicTableViewCell.swift in Sources */ = {isa = PBXBuildFile; fileRef = 552C369025765777004CE028 /* GeneralTopicTableViewCell.swift */; };
		553B59B1257540EE004A9C64 /* IntroViewController.swift in Sources */ = {isa = PBXBuildFile; fileRef = 553B59B0257540EE004A9C64 /* IntroViewController.swift */; };
		553B59B4257540FD004A9C64 /* signUpViewController.swift in Sources */ = {isa = PBXBuildFile; fileRef = 553B59B3257540FD004A9C64 /* signUpViewController.swift */; };
		553B59B72575410F004A9C64 /* LogInViewController.swift in Sources */ = {isa = PBXBuildFile; fileRef = 553B59B62575410F004A9C64 /* LogInViewController.swift */; };
		553B59BA25756973004A9C64 /* removedVC.swift in Sources */ = {isa = PBXBuildFile; fileRef = 553B59B925756973004A9C64 /* removedVC.swift */; };
		553B59BD25756B8F004A9C64 /* ProfileViewController.swift in Sources */ = {isa = PBXBuildFile; fileRef = 553B59BC25756B8F004A9C64 /* ProfileViewController.swift */; };
		553F9528258387380018CC09 /* coreAuthKey.xcdatamodeld in Sources */ = {isa = PBXBuildFile; fileRef = 553F9526258387380018CC09 /* coreAuthKey.xcdatamodeld */; };
		553F952D258387980018CC09 /* coreDataAuthKey.swift in Sources */ = {isa = PBXBuildFile; fileRef = 553F952C258387980018CC09 /* coreDataAuthKey.swift */; };
		5548AE522586B2E500A331C7 /* projectInfoViewController.swift in Sources */ = {isa = PBXBuildFile; fileRef = 5548AE512586B2E500A331C7 /* projectInfoViewController.swift */; };
		5551F6F42577BCC6003C28AE /* AboutUsViewController.swift in Sources */ = {isa = PBXBuildFile; fileRef = 5551F6F32577BCC6003C28AE /* AboutUsViewController.swift */; };
		555D4C182583D558009E6E3E /* HomeCollectionViewCell.swift in Sources */ = {isa = PBXBuildFile; fileRef = 555D4C172583D558009E6E3E /* HomeCollectionViewCell.swift */; };
		555D4C22258400D3009E6E3E /* InstructionTechVC.swift in Sources */ = {isa = PBXBuildFile; fileRef = 555D4C21258400D3009E6E3E /* InstructionTechVC.swift */; };
		555D4C25258400E3009E6E3E /* InstructionDesignVC.swift in Sources */ = {isa = PBXBuildFile; fileRef = 555D4C24258400E2009E6E3E /* InstructionDesignVC.swift */; };
		555D4C28258400F0009E6E3E /* InstructionManagementVC.swift in Sources */ = {isa = PBXBuildFile; fileRef = 555D4C27258400F0009E6E3E /* InstructionManagementVC.swift */; };
		5578C1DB2582991D001649E3 /* loginModel.swift in Sources */ = {isa = PBXBuildFile; fileRef = 5578C1DA2582991D001649E3 /* loginModel.swift */; };
		558EEF6C2576845A0052DE9E /* TechnicalVCTableViewCell.swift in Sources */ = {isa = PBXBuildFile; fileRef = 558EEF6B2576845A0052DE9E /* TechnicalVCTableViewCell.swift */; };
		558EEF6F257686200052DE9E /* DesignVCTableViewCell.swift in Sources */ = {isa = PBXBuildFile; fileRef = 558EEF6E257686200052DE9E /* DesignVCTableViewCell.swift */; };
		558EEF72257686290052DE9E /* editorialTableViewCell.swift in Sources */ = {isa = PBXBuildFile; fileRef = 558EEF71257686290052DE9E /* editorialTableViewCell.swift */; };
		55A9F5232581614B00A91CDA /* SecondYearTechQuizVC.swift in Sources */ = {isa = PBXBuildFile; fileRef = 55A9F5222581614B00A91CDA /* SecondYearTechQuizVC.swift */; };
		55A9F529258161D700A91CDA /* TechQuizModel.swift in Sources */ = {isa = PBXBuildFile; fileRef = 55A9F528258161D700A91CDA /* TechQuizModel.swift */; };
		55A9F52D2582011C00A91CDA /* ManagementQuizVC.swift in Sources */ = {isa = PBXBuildFile; fileRef = 55A9F52C2582011C00A91CDA /* ManagementQuizVC.swift */; };
		55A9F531258218AD00A91CDA /* TestEndViewController.swift in Sources */ = {isa = PBXBuildFile; fileRef = 55A9F530258218AD00A91CDA /* TestEndViewController.swift */; };
		55AC45C625849B3E004374F2 /* FAQRecruitmentViewController.swift in Sources */ = {isa = PBXBuildFile; fileRef = 55AC45C525849B3E004374F2 /* FAQRecruitmentViewController.swift */; };
		55AC45C925849D04004374F2 /* RecruitmentTableViewCell.swift in Sources */ = {isa = PBXBuildFile; fileRef = 55AC45C825849D04004374F2 /* RecruitmentTableViewCell.swift */; };
		55AC45CD2584E3C3004374F2 /* TeamsInfoViewController.swift in Sources */ = {isa = PBXBuildFile; fileRef = 55AC45CC2584E3C3004374F2 /* TeamsInfoViewController.swift */; };
		55AC45D025850906004374F2 /* EventsInfoViewController.swift in Sources */ = {isa = PBXBuildFile; fileRef = 55AC45CF25850906004374F2 /* EventsInfoViewController.swift */; };
		55C457BA2579183E00D7CB88 /* OnboardingViewController.swift in Sources */ = {isa = PBXBuildFile; fileRef = 55C457B92579183E00D7CB88 /* OnboardingViewController.swift */; };
		55C457BF25791BE600D7CB88 /* AuthenticationViewController.swift in Sources */ = {isa = PBXBuildFile; fileRef = 55C457BE25791BE600D7CB88 /* AuthenticationViewController.swift */; };
		55C457C225791DB000D7CB88 /* RecruitmentViewController.swift in Sources */ = {isa = PBXBuildFile; fileRef = 55C457C125791DB000D7CB88 /* RecruitmentViewController.swift */; };
		55C53E552576C9F0009CABFD /* EditProfileViewController.swift in Sources */ = {isa = PBXBuildFile; fileRef = 55C53E542576C9F0009CABFD /* EditProfileViewController.swift */; };
		55F56B802585F5C000787089 /* domaiInfoViewController.swift in Sources */ = {isa = PBXBuildFile; fileRef = 55F56B7F2585F5C000787089 /* domaiInfoViewController.swift */; };
		55F56B842586568F00787089 /* IQKeyboardManagerSwift in Frameworks */ = {isa = PBXBuildFile; productRef = 55F56B832586568F00787089 /* IQKeyboardManagerSwift */; };
		910B3DB4257133E900BD0F29 /* AppDelegate.swift in Sources */ = {isa = PBXBuildFile; fileRef = 910B3DB3257133E900BD0F29 /* AppDelegate.swift */; };
		910B3DB6257133E900BD0F29 /* SceneDelegate.swift in Sources */ = {isa = PBXBuildFile; fileRef = 910B3DB5257133E900BD0F29 /* SceneDelegate.swift */; };
		910B3DB8257133E900BD0F29 /* ViewController.swift in Sources */ = {isa = PBXBuildFile; fileRef = 910B3DB7257133E900BD0F29 /* ViewController.swift */; };
		910B3DBB257133E900BD0F29 /* Main.storyboard in Resources */ = {isa = PBXBuildFile; fileRef = 910B3DB9257133E900BD0F29 /* Main.storyboard */; };
		910B3DBD257133F100BD0F29 /* Assets.xcassets in Resources */ = {isa = PBXBuildFile; fileRef = 910B3DBC257133F100BD0F29 /* Assets.xcassets */; };
		910B3DC0257133F100BD0F29 /* LaunchScreen.storyboard in Resources */ = {isa = PBXBuildFile; fileRef = 910B3DBE257133F100BD0F29 /* LaunchScreen.storyboard */; };
		910C7E232580CC73003FF973 /* UserProfile.swift in Sources */ = {isa = PBXBuildFile; fileRef = 910C7E222580CC73003FF973 /* UserProfile.swift */; };
		914C7979257E3A8E003AD8F0 /* Auth-Key.swift in Sources */ = {isa = PBXBuildFile; fileRef = 914C7978257E3A8E003AD8F0 /* Auth-Key.swift */; };
		914C797D257F5BA9003AD8F0 /* managementQues.swift in Sources */ = {isa = PBXBuildFile; fileRef = 914C797C257F5BA9003AD8F0 /* managementQues.swift */; };
		91C12465257A4467008117F6 /* HomeTableViewCell.swift in Sources */ = {isa = PBXBuildFile; fileRef = 91C12464257A4467008117F6 /* HomeTableViewCell.swift */; };
/* End PBXBuildFile section */

/* Begin PBXFileReference section */
		5511F83F258427D50008CA0A /* ADGInfoViewController.swift */ = {isa = PBXFileReference; lastKnownFileType = sourcecode.swift; name = ADGInfoViewController.swift; path = "ADG-Externals/Controllers/HomePage/ADGInfoViewController.swift"; sourceTree = SOURCE_ROOT; };
		551B4351257BD7AC00E0BC52 /* TechnicalQuizVC.swift */ = {isa = PBXFileReference; lastKnownFileType = sourcecode.swift; name = TechnicalQuizVC.swift; path = "ADG-Externals/Controllers/Test Controllers/TechnicalQuizVC.swift"; sourceTree = SOURCE_ROOT; };
		551B4358257BD80600E0BC52 /* DesignQuizVC.swift */ = {isa = PBXFileReference; lastKnownFileType = sourcecode.swift; path = DesignQuizVC.swift; sourceTree = "<group>"; };
		552C365C25760FD3004CE028 /* QandAViewController.swift */ = {isa = PBXFileReference; lastKnownFileType = sourcecode.swift; path = QandAViewController.swift; sourceTree = "<group>"; };
		552C366025761171004CE028 /* chatSectionViewController.swift */ = {isa = PBXFileReference; lastKnownFileType = sourcecode.swift; path = chatSectionViewController.swift; sourceTree = "<group>"; };
		552C368425764D06004CE028 /* GeneralTopicVC.swift */ = {isa = PBXFileReference; lastKnownFileType = sourcecode.swift; path = GeneralTopicVC.swift; sourceTree = "<group>"; };
		552C368725764D23004CE028 /* TechnialVC.swift */ = {isa = PBXFileReference; lastKnownFileType = sourcecode.swift; path = TechnialVC.swift; sourceTree = "<group>"; };
		552C368A25764D2F004CE028 /* DesignVC.swift */ = {isa = PBXFileReference; lastKnownFileType = sourcecode.swift; path = DesignVC.swift; sourceTree = "<group>"; };
		552C368D25764D43004CE028 /* EditorialVC.swift */ = {isa = PBXFileReference; lastKnownFileType = sourcecode.swift; path = EditorialVC.swift; sourceTree = "<group>"; };
		552C369025765777004CE028 /* GeneralTopicTableViewCell.swift */ = {isa = PBXFileReference; lastKnownFileType = sourcecode.swift; path = GeneralTopicTableViewCell.swift; sourceTree = "<group>"; };
		553B59B0257540EE004A9C64 /* IntroViewController.swift */ = {isa = PBXFileReference; lastKnownFileType = sourcecode.swift; path = IntroViewController.swift; sourceTree = "<group>"; };
		553B59B3257540FD004A9C64 /* signUpViewController.swift */ = {isa = PBXFileReference; lastKnownFileType = sourcecode.swift; path = signUpViewController.swift; sourceTree = "<group>"; };
		553B59B62575410F004A9C64 /* LogInViewController.swift */ = {isa = PBXFileReference; lastKnownFileType = sourcecode.swift; path = LogInViewController.swift; sourceTree = "<group>"; };
		553B59B925756973004A9C64 /* removedVC.swift */ = {isa = PBXFileReference; lastKnownFileType = sourcecode.swift; path = removedVC.swift; sourceTree = "<group>"; };
		553B59BC25756B8F004A9C64 /* ProfileViewController.swift */ = {isa = PBXFileReference; lastKnownFileType = sourcecode.swift; path = ProfileViewController.swift; sourceTree = "<group>"; };
		553F9527258387380018CC09 /* coreAuthKey.xcdatamodel */ = {isa = PBXFileReference; lastKnownFileType = wrapper.xcdatamodel; path = coreAuthKey.xcdatamodel; sourceTree = "<group>"; };
		553F952C258387980018CC09 /* coreDataAuthKey.swift */ = {isa = PBXFileReference; lastKnownFileType = sourcecode.swift; path = coreDataAuthKey.swift; sourceTree = "<group>"; };
		5548AE512586B2E500A331C7 /* projectInfoViewController.swift */ = {isa = PBXFileReference; lastKnownFileType = sourcecode.swift; name = projectInfoViewController.swift; path = "ADG-Externals/View/projectInfoViewController.swift"; sourceTree = SOURCE_ROOT; };
		5551F6F32577BCC6003C28AE /* AboutUsViewController.swift */ = {isa = PBXFileReference; lastKnownFileType = sourcecode.swift; name = AboutUsViewController.swift; path = "ADG-Externals/View/AboutUsViewController.swift"; sourceTree = SOURCE_ROOT; };
		555D4C172583D558009E6E3E /* HomeCollectionViewCell.swift */ = {isa = PBXFileReference; lastKnownFileType = sourcecode.swift; name = HomeCollectionViewCell.swift; path = "ADG-Externals/View/HomeCollectionViewCell.swift"; sourceTree = SOURCE_ROOT; };
		555D4C21258400D3009E6E3E /* InstructionTechVC.swift */ = {isa = PBXFileReference; lastKnownFileType = sourcecode.swift; name = InstructionTechVC.swift; path = "ADG-Externals/Controllers/Instruction/InstructionTechVC.swift"; sourceTree = SOURCE_ROOT; };
		555D4C24258400E2009E6E3E /* InstructionDesignVC.swift */ = {isa = PBXFileReference; lastKnownFileType = sourcecode.swift; path = InstructionDesignVC.swift; sourceTree = "<group>"; };
		555D4C27258400F0009E6E3E /* InstructionManagementVC.swift */ = {isa = PBXFileReference; lastKnownFileType = sourcecode.swift; path = InstructionManagementVC.swift; sourceTree = "<group>"; };
		5578C1DA2582991D001649E3 /* loginModel.swift */ = {isa = PBXFileReference; lastKnownFileType = sourcecode.swift; path = loginModel.swift; sourceTree = "<group>"; };
		558EEF6B2576845A0052DE9E /* TechnicalVCTableViewCell.swift */ = {isa = PBXFileReference; lastKnownFileType = sourcecode.swift; path = TechnicalVCTableViewCell.swift; sourceTree = SOURCE_ROOT; };
		558EEF6E257686200052DE9E /* DesignVCTableViewCell.swift */ = {isa = PBXFileReference; lastKnownFileType = sourcecode.swift; name = DesignVCTableViewCell.swift; path = "ADG-Externals/View/DesignVCTableViewCell.swift"; sourceTree = SOURCE_ROOT; };
		558EEF71257686290052DE9E /* editorialTableViewCell.swift */ = {isa = PBXFileReference; lastKnownFileType = sourcecode.swift; path = editorialTableViewCell.swift; sourceTree = "<group>"; };
		55A9F5222581614B00A91CDA /* SecondYearTechQuizVC.swift */ = {isa = PBXFileReference; lastKnownFileType = sourcecode.swift; name = SecondYearTechQuizVC.swift; path = "ADG-Externals/View/SecondYearTechQuizVC.swift"; sourceTree = SOURCE_ROOT; };
		55A9F528258161D700A91CDA /* TechQuizModel.swift */ = {isa = PBXFileReference; lastKnownFileType = sourcecode.swift; path = TechQuizModel.swift; sourceTree = "<group>"; };
		55A9F52C2582011C00A91CDA /* ManagementQuizVC.swift */ = {isa = PBXFileReference; lastKnownFileType = sourcecode.swift; name = ManagementQuizVC.swift; path = "ADG-Externals/View/ManagementQuizVC.swift"; sourceTree = SOURCE_ROOT; };
		55A9F530258218AD00A91CDA /* TestEndViewController.swift */ = {isa = PBXFileReference; lastKnownFileType = sourcecode.swift; name = TestEndViewController.swift; path = "ADG-Externals/View/TestEndViewController.swift"; sourceTree = SOURCE_ROOT; };
		55AC45C525849B3E004374F2 /* FAQRecruitmentViewController.swift */ = {isa = PBXFileReference; lastKnownFileType = sourcecode.swift; name = FAQRecruitmentViewController.swift; path = "ADG-Externals/View/FAQRecruitmentViewController.swift"; sourceTree = SOURCE_ROOT; };
		55AC45C825849D04004374F2 /* RecruitmentTableViewCell.swift */ = {isa = PBXFileReference; lastKnownFileType = sourcecode.swift; name = RecruitmentTableViewCell.swift; path = "ADG-Externals/Controllers/TableView Cells/RecruitmentTableViewCell.swift"; sourceTree = SOURCE_ROOT; };
		55AC45CC2584E3C3004374F2 /* TeamsInfoViewController.swift */ = {isa = PBXFileReference; lastKnownFileType = sourcecode.swift; name = TeamsInfoViewController.swift; path = "ADG-Externals/View/TeamsInfoViewController.swift"; sourceTree = SOURCE_ROOT; };
		55AC45CF25850906004374F2 /* EventsInfoViewController.swift */ = {isa = PBXFileReference; lastKnownFileType = sourcecode.swift; name = EventsInfoViewController.swift; path = "ADG-Externals/View/EventsInfoViewController.swift"; sourceTree = SOURCE_ROOT; };
		55C457B92579183E00D7CB88 /* OnboardingViewController.swift */ = {isa = PBXFileReference; lastKnownFileType = sourcecode.swift; name = OnboardingViewController.swift; path = "ADG-Externals/Controllers/OnBoarding/OnboardingViewController.swift"; sourceTree = SOURCE_ROOT; };
		55C457BE25791BE600D7CB88 /* AuthenticationViewController.swift */ = {isa = PBXFileReference; lastKnownFileType = sourcecode.swift; name = AuthenticationViewController.swift; path = "ADG-Externals/View/AuthenticationViewController.swift"; sourceTree = SOURCE_ROOT; };
		55C457C125791DB000D7CB88 /* RecruitmentViewController.swift */ = {isa = PBXFileReference; lastKnownFileType = sourcecode.swift; name = RecruitmentViewController.swift; path = "ADG-Externals/Controllers/Ambiguous/RecruitmentViewController.swift"; sourceTree = SOURCE_ROOT; };
		55C53E542576C9F0009CABFD /* EditProfileViewController.swift */ = {isa = PBXFileReference; lastKnownFileType = sourcecode.swift; name = EditProfileViewController.swift; path = "ADG-Externals/View/EditProfileViewController.swift"; sourceTree = SOURCE_ROOT; };
		55F56B7F2585F5C000787089 /* domaiInfoViewController.swift */ = {isa = PBXFileReference; lastKnownFileType = sourcecode.swift; name = domaiInfoViewController.swift; path = "ADG-Externals/View/domaiInfoViewController.swift"; sourceTree = SOURCE_ROOT; };
		910B3DB0257133E900BD0F29 /* ADG-Externals.app */ = {isa = PBXFileReference; explicitFileType = wrapper.application; includeInIndex = 0; path = "ADG-Externals.app"; sourceTree = BUILT_PRODUCTS_DIR; };
		910B3DB3257133E900BD0F29 /* AppDelegate.swift */ = {isa = PBXFileReference; lastKnownFileType = sourcecode.swift; path = AppDelegate.swift; sourceTree = "<group>"; };
		910B3DB5257133E900BD0F29 /* SceneDelegate.swift */ = {isa = PBXFileReference; lastKnownFileType = sourcecode.swift; path = SceneDelegate.swift; sourceTree = "<group>"; };
		910B3DB7257133E900BD0F29 /* ViewController.swift */ = {isa = PBXFileReference; lastKnownFileType = sourcecode.swift; path = ViewController.swift; sourceTree = "<group>"; };
		910B3DBA257133E900BD0F29 /* Base */ = {isa = PBXFileReference; lastKnownFileType = file.storyboard; name = Base; path = Base.lproj/Main.storyboard; sourceTree = "<group>"; };
		910B3DBC257133F100BD0F29 /* Assets.xcassets */ = {isa = PBXFileReference; lastKnownFileType = folder.assetcatalog; path = Assets.xcassets; sourceTree = "<group>"; };
		910B3DBF257133F100BD0F29 /* Base */ = {isa = PBXFileReference; lastKnownFileType = file.storyboard; name = Base; path = Base.lproj/LaunchScreen.storyboard; sourceTree = "<group>"; };
		910B3DC1257133F100BD0F29 /* Info.plist */ = {isa = PBXFileReference; lastKnownFileType = text.plist.xml; path = Info.plist; sourceTree = "<group>"; };
		910C7E222580CC73003FF973 /* UserProfile.swift */ = {isa = PBXFileReference; lastKnownFileType = sourcecode.swift; path = UserProfile.swift; sourceTree = "<group>"; };
		914C7978257E3A8E003AD8F0 /* Auth-Key.swift */ = {isa = PBXFileReference; lastKnownFileType = sourcecode.swift; path = "Auth-Key.swift"; sourceTree = "<group>"; };
		914C797C257F5BA9003AD8F0 /* managementQues.swift */ = {isa = PBXFileReference; lastKnownFileType = sourcecode.swift; path = managementQues.swift; sourceTree = "<group>"; };
		91C12464257A4467008117F6 /* HomeTableViewCell.swift */ = {isa = PBXFileReference; lastKnownFileType = sourcecode.swift; path = HomeTableViewCell.swift; sourceTree = "<group>"; };
/* End PBXFileReference section */

/* Begin PBXFrameworksBuildPhase section */
		910B3DAD257133E900BD0F29 /* Frameworks */ = {
			isa = PBXFrameworksBuildPhase;
			buildActionMask = 2147483647;
			files = (
				55F56B842586568F00787089 /* IQKeyboardManagerSwift in Frameworks */,
			);
			runOnlyForDeploymentPostprocessing = 0;
		};
/* End PBXFrameworksBuildPhase section */

/* Begin PBXGroup section */
		55062B6A2583D2480062B7FC /* CollectionView Cells */ = {
			isa = PBXGroup;
			children = (
				555D4C172583D558009E6E3E /* HomeCollectionViewCell.swift */,
			);
			path = "CollectionView Cells";
			sourceTree = "<group>";
		};
		5511F842258427F00008CA0A /* HomePage */ = {
			isa = PBXGroup;
			children = (
				5548AE512586B2E500A331C7 /* projectInfoViewController.swift */,
				55F56B7F2585F5C000787089 /* domaiInfoViewController.swift */,
				55AC45CF25850906004374F2 /* EventsInfoViewController.swift */,
				55AC45CC2584E3C3004374F2 /* TeamsInfoViewController.swift */,
				910B3DB7257133E900BD0F29 /* ViewController.swift */,
				5511F83F258427D50008CA0A /* ADGInfoViewController.swift */,
			);
			path = HomePage;
			sourceTree = "<group>";
		};
		551B4354257BD7BD00E0BC52 /* Test Controllers */ = {
			isa = PBXGroup;
			children = (
				55A9F530258218AD00A91CDA /* TestEndViewController.swift */,
				55A9F52C2582011C00A91CDA /* ManagementQuizVC.swift */,
				55A9F5222581614B00A91CDA /* SecondYearTechQuizVC.swift */,
				551B4358257BD80600E0BC52 /* DesignQuizVC.swift */,
				551B4351257BD7AC00E0BC52 /* TechnicalQuizVC.swift */,
			);
			path = "Test Controllers";
			sourceTree = "<group>";
		};
		552C369325765780004CE028 /* TableView Cells */ = {
			isa = PBXGroup;
			children = (
				55AC45C825849D04004374F2 /* RecruitmentTableViewCell.swift */,
				558EEF6E257686200052DE9E /* DesignVCTableViewCell.swift */,
				558EEF71257686290052DE9E /* editorialTableViewCell.swift */,
				558EEF6B2576845A0052DE9E /* TechnicalVCTableViewCell.swift */,
				552C369025765777004CE028 /* GeneralTopicTableViewCell.swift */,
				91C12464257A4467008117F6 /* HomeTableViewCell.swift */,
			);
			path = "TableView Cells";
			sourceTree = "<group>";
		};
		552C36942576578E004CE028 /* Controllers */ = {
			isa = PBXGroup;
			children = (
				5511F842258427F00008CA0A /* HomePage */,
				555D4C2A258400FC009E6E3E /* Instruction */,
				55062B6A2583D2480062B7FC /* CollectionView Cells */,
				551B4354257BD7BD00E0BC52 /* Test Controllers */,
				914C79812580AE61003AD8F0 /* Ambiguous */,
				55C457BC2579184600D7CB88 /* OnBoarding */,
				552C369825765818004CE028 /* QandA Section */,
				552C3697257657F6004CE028 /* Profile View */,
				552C3696257657DA004CE028 /* Authentication */,
				552C369325765780004CE028 /* TableView Cells */,
			);
			path = Controllers;
			sourceTree = "<group>";
		};
		552C3695257657A4004CE028 /* View */ = {
			isa = PBXGroup;
			children = (
				910B3DB9257133E900BD0F29 /* Main.storyboard */,
				910B3DBE257133F100BD0F29 /* LaunchScreen.storyboard */,
			);
			path = View;
			sourceTree = "<group>";
		};
		552C3696257657DA004CE028 /* Authentication */ = {
			isa = PBXGroup;
			children = (
				55C457BE25791BE600D7CB88 /* AuthenticationViewController.swift */,
				553B59B62575410F004A9C64 /* LogInViewController.swift */,
				553B59B3257540FD004A9C64 /* signUpViewController.swift */,
			);
			path = Authentication;
			sourceTree = "<group>";
		};
		552C3697257657F6004CE028 /* Profile View */ = {
			isa = PBXGroup;
			children = (
				5551F6F32577BCC6003C28AE /* AboutUsViewController.swift */,
				55C53E542576C9F0009CABFD /* EditProfileViewController.swift */,
				553B59BC25756B8F004A9C64 /* ProfileViewController.swift */,
				553B59B925756973004A9C64 /* removedVC.swift */,
			);
			path = "Profile View";
			sourceTree = "<group>";
		};
		552C369825765818004CE028 /* QandA Section */ = {
			isa = PBXGroup;
			children = (
				55AC45C525849B3E004374F2 /* FAQRecruitmentViewController.swift */,
				552C368D25764D43004CE028 /* EditorialVC.swift */,
				552C368725764D23004CE028 /* TechnialVC.swift */,
				552C368A25764D2F004CE028 /* DesignVC.swift */,
				552C368425764D06004CE028 /* GeneralTopicVC.swift */,
				552C366025761171004CE028 /* chatSectionViewController.swift */,
				552C365C25760FD3004CE028 /* QandAViewController.swift */,
			);
			path = "QandA Section";
			sourceTree = "<group>";
		};
		553F952B258387770018CC09 /* CoreData */ = {
			isa = PBXGroup;
			children = (
				553F952C258387980018CC09 /* coreDataAuthKey.swift */,
			);
			path = CoreData;
			sourceTree = "<group>";
		};
		555D4C2A258400FC009E6E3E /* Instruction */ = {
			isa = PBXGroup;
			children = (
				555D4C21258400D3009E6E3E /* InstructionTechVC.swift */,
				555D4C24258400E2009E6E3E /* InstructionDesignVC.swift */,
				555D4C27258400F0009E6E3E /* InstructionManagementVC.swift */,
			);
			path = Instruction;
			sourceTree = "<group>";
		};
		55C457BC2579184600D7CB88 /* OnBoarding */ = {
			isa = PBXGroup;
			children = (
				55C457B92579183E00D7CB88 /* OnboardingViewController.swift */,
			);
			path = OnBoarding;
			sourceTree = "<group>";
		};
		910B3DA7257133E900BD0F29 = {
			isa = PBXGroup;
			children = (
				910B3DB2257133E900BD0F29 /* ADG-Externals */,
				910B3DB1257133E900BD0F29 /* Products */,
			);
			sourceTree = "<group>";
		};
		910B3DB1257133E900BD0F29 /* Products */ = {
			isa = PBXGroup;
			children = (
				910B3DB0257133E900BD0F29 /* ADG-Externals.app */,
			);
			name = Products;
			sourceTree = "<group>";
		};
		910B3DB2257133E900BD0F29 /* ADG-Externals */ = {
			isa = PBXGroup;
			children = (
				553F952B258387770018CC09 /* CoreData */,
				914C796C257CB6D9003AD8F0 /* Model */,
				910B3DB3257133E900BD0F29 /* AppDelegate.swift */,
				910B3DB5257133E900BD0F29 /* SceneDelegate.swift */,
				552C36942576578E004CE028 /* Controllers */,
				552C3695257657A4004CE028 /* View */,
				910B3DBC257133F100BD0F29 /* Assets.xcassets */,
				910B3DC1257133F100BD0F29 /* Info.plist */,
				553F9526258387380018CC09 /* coreAuthKey.xcdatamodeld */,
			);
			path = "ADG-Externals";
			sourceTree = "<group>";
		};
		914C796C257CB6D9003AD8F0 /* Model */ = {
			isa = PBXGroup;
			children = (
				914C7978257E3A8E003AD8F0 /* Auth-Key.swift */,
				914C797C257F5BA9003AD8F0 /* managementQues.swift */,
				910C7E222580CC73003FF973 /* UserProfile.swift */,
				55A9F528258161D700A91CDA /* TechQuizModel.swift */,
				5578C1DA2582991D001649E3 /* loginModel.swift */,
			);
			path = Model;
			sourceTree = "<group>";
		};
		914C79812580AE61003AD8F0 /* Ambiguous */ = {
			isa = PBXGroup;
			children = (
				553B59B0257540EE004A9C64 /* IntroViewController.swift */,
				55C457C125791DB000D7CB88 /* RecruitmentViewController.swift */,
			);
			path = Ambiguous;
			sourceTree = "<group>";
		};
/* End PBXGroup section */

/* Begin PBXNativeTarget section */
		910B3DAF257133E900BD0F29 /* ADG-Externals */ = {
			isa = PBXNativeTarget;
			buildConfigurationList = 910B3DC4257133F100BD0F29 /* Build configuration list for PBXNativeTarget "ADG-Externals" */;
			buildPhases = (
				910B3DAC257133E900BD0F29 /* Sources */,
				910B3DAD257133E900BD0F29 /* Frameworks */,
				910B3DAE257133E900BD0F29 /* Resources */,
			);
			buildRules = (
			);
			dependencies = (
			);
			name = "ADG-Externals";
			packageProductDependencies = (
				55F56B832586568F00787089 /* IQKeyboardManagerSwift */,
			);
			productName = "ADG-Externals";
			productReference = 910B3DB0257133E900BD0F29 /* ADG-Externals.app */;
			productType = "com.apple.product-type.application";
		};
/* End PBXNativeTarget section */

/* Begin PBXProject section */
		910B3DA8257133E900BD0F29 /* Project object */ = {
			isa = PBXProject;
			attributes = {
				LastSwiftUpdateCheck = 1220;
				LastUpgradeCheck = 1220;
				TargetAttributes = {
					910B3DAF257133E900BD0F29 = {
						CreatedOnToolsVersion = 12.2;
					};
				};
			};
			buildConfigurationList = 910B3DAB257133E900BD0F29 /* Build configuration list for PBXProject "ADG-Externals" */;
			compatibilityVersion = "Xcode 9.3";
			developmentRegion = en;
			hasScannedForEncodings = 0;
			knownRegions = (
				en,
				Base,
			);
			mainGroup = 910B3DA7257133E900BD0F29;
			packageReferences = (
				55F56B822586568F00787089 /* XCRemoteSwiftPackageReference "IQKeyboardManager" */,
			);
			productRefGroup = 910B3DB1257133E900BD0F29 /* Products */;
			projectDirPath = "";
			projectRoot = "";
			targets = (
				910B3DAF257133E900BD0F29 /* ADG-Externals */,
			);
		};
/* End PBXProject section */

/* Begin PBXResourcesBuildPhase section */
		910B3DAE257133E900BD0F29 /* Resources */ = {
			isa = PBXResourcesBuildPhase;
			buildActionMask = 2147483647;
			files = (
				910B3DC0257133F100BD0F29 /* LaunchScreen.storyboard in Resources */,
				910B3DBD257133F100BD0F29 /* Assets.xcassets in Resources */,
				910B3DBB257133E900BD0F29 /* Main.storyboard in Resources */,
			);
			runOnlyForDeploymentPostprocessing = 0;
		};
/* End PBXResourcesBuildPhase section */

/* Begin PBXSourcesBuildPhase section */
		910B3DAC257133E900BD0F29 /* Sources */ = {
			isa = PBXSourcesBuildPhase;
			buildActionMask = 2147483647;
			files = (
				5551F6F42577BCC6003C28AE /* AboutUsViewController.swift in Sources */,
				551B4359257BD80600E0BC52 /* DesignQuizVC.swift in Sources */,
				55AC45C925849D04004374F2 /* RecruitmentTableViewCell.swift in Sources */,
				558EEF6C2576845A0052DE9E /* TechnicalVCTableViewCell.swift in Sources */,
				555D4C182583D558009E6E3E /* HomeCollectionViewCell.swift in Sources */,
				552C368B25764D2F004CE028 /* DesignVC.swift in Sources */,
				553B59B4257540FD004A9C64 /* signUpViewController.swift in Sources */,
				5578C1DB2582991D001649E3 /* loginModel.swift in Sources */,
				55C457BA2579183E00D7CB88 /* OnboardingViewController.swift in Sources */,
				555D4C28258400F0009E6E3E /* InstructionManagementVC.swift in Sources */,
				552C368E25764D43004CE028 /* EditorialVC.swift in Sources */,
				55C457BF25791BE600D7CB88 /* AuthenticationViewController.swift in Sources */,
				55A9F5232581614B00A91CDA /* SecondYearTechQuizVC.swift in Sources */,
				5548AE522586B2E500A331C7 /* projectInfoViewController.swift in Sources */,
				552C368525764D06004CE028 /* GeneralTopicVC.swift in Sources */,
				910B3DB8257133E900BD0F29 /* ViewController.swift in Sources */,
				553B59B72575410F004A9C64 /* LogInViewController.swift in Sources */,
				558EEF72257686290052DE9E /* editorialTableViewCell.swift in Sources */,
				551B4352257BD7AC00E0BC52 /* TechnicalQuizVC.swift in Sources */,
				91C12465257A4467008117F6 /* HomeTableViewCell.swift in Sources */,
				555D4C22258400D3009E6E3E /* InstructionTechVC.swift in Sources */,
				910B3DB4257133E900BD0F29 /* AppDelegate.swift in Sources */,
				910C7E232580CC73003FF973 /* UserProfile.swift in Sources */,
				553B59BA25756973004A9C64 /* removedVC.swift in Sources */,
				910B3DB6257133E900BD0F29 /* SceneDelegate.swift in Sources */,
				553F9528258387380018CC09 /* coreAuthKey.xcdatamodeld in Sources */,
				552C365D25760FD3004CE028 /* QandAViewController.swift in Sources */,
				55A9F531258218AD00A91CDA /* TestEndViewController.swift in Sources */,
				552C369125765777004CE028 /* GeneralTopicTableViewCell.swift in Sources */,
				5511F840258427D50008CA0A /* ADGInfoViewController.swift in Sources */,
				55F56B802585F5C000787089 /* domaiInfoViewController.swift in Sources */,
				55AC45C625849B3E004374F2 /* FAQRecruitmentViewController.swift in Sources */,
				552C368825764D23004CE028 /* TechnialVC.swift in Sources */,
				914C7979257E3A8E003AD8F0 /* Auth-Key.swift in Sources */,
				55C53E552576C9F0009CABFD /* EditProfileViewController.swift in Sources */,
				558EEF6F257686200052DE9E /* DesignVCTableViewCell.swift in Sources */,
				553B59BD25756B8F004A9C64 /* ProfileViewController.swift in Sources */,
				914C797D257F5BA9003AD8F0 /* managementQues.swift in Sources */,
				555D4C25258400E3009E6E3E /* InstructionDesignVC.swift in Sources */,
				55AC45CD2584E3C3004374F2 /* TeamsInfoViewController.swift in Sources */,
				55C457C225791DB000D7CB88 /* RecruitmentViewController.swift in Sources */,
				552C366125761171004CE028 /* chatSectionViewController.swift in Sources */,
				553F952D258387980018CC09 /* coreDataAuthKey.swift in Sources */,
				55A9F529258161D700A91CDA /* TechQuizModel.swift in Sources */,
				55A9F52D2582011C00A91CDA /* ManagementQuizVC.swift in Sources */,
				55AC45D025850906004374F2 /* EventsInfoViewController.swift in Sources */,
				553B59B1257540EE004A9C64 /* IntroViewController.swift in Sources */,
			);
			runOnlyForDeploymentPostprocessing = 0;
		};
/* End PBXSourcesBuildPhase section */

/* Begin PBXVariantGroup section */
		910B3DB9257133E900BD0F29 /* Main.storyboard */ = {
			isa = PBXVariantGroup;
			children = (
				910B3DBA257133E900BD0F29 /* Base */,
			);
			name = Main.storyboard;
			sourceTree = "<group>";
		};
		910B3DBE257133F100BD0F29 /* LaunchScreen.storyboard */ = {
			isa = PBXVariantGroup;
			children = (
				910B3DBF257133F100BD0F29 /* Base */,
			);
			name = LaunchScreen.storyboard;
			sourceTree = "<group>";
		};
/* End PBXVariantGroup section */

/* Begin XCBuildConfiguration section */
		910B3DC2257133F100BD0F29 /* Debug */ = {
			isa = XCBuildConfiguration;
			buildSettings = {
				ALWAYS_SEARCH_USER_PATHS = NO;
				CLANG_ANALYZER_NONNULL = YES;
				CLANG_ANALYZER_NUMBER_OBJECT_CONVERSION = YES_AGGRESSIVE;
				CLANG_CXX_LANGUAGE_STANDARD = "gnu++14";
				CLANG_CXX_LIBRARY = "libc++";
				CLANG_ENABLE_MODULES = YES;
				CLANG_ENABLE_OBJC_ARC = YES;
				CLANG_ENABLE_OBJC_WEAK = YES;
				CLANG_WARN_BLOCK_CAPTURE_AUTORELEASING = YES;
				CLANG_WARN_BOOL_CONVERSION = YES;
				CLANG_WARN_COMMA = YES;
				CLANG_WARN_CONSTANT_CONVERSION = YES;
				CLANG_WARN_DEPRECATED_OBJC_IMPLEMENTATIONS = YES;
				CLANG_WARN_DIRECT_OBJC_ISA_USAGE = YES_ERROR;
				CLANG_WARN_DOCUMENTATION_COMMENTS = YES;
				CLANG_WARN_EMPTY_BODY = YES;
				CLANG_WARN_ENUM_CONVERSION = YES;
				CLANG_WARN_INFINITE_RECURSION = YES;
				CLANG_WARN_INT_CONVERSION = YES;
				CLANG_WARN_NON_LITERAL_NULL_CONVERSION = YES;
				CLANG_WARN_OBJC_IMPLICIT_RETAIN_SELF = YES;
				CLANG_WARN_OBJC_LITERAL_CONVERSION = YES;
				CLANG_WARN_OBJC_ROOT_CLASS = YES_ERROR;
				CLANG_WARN_QUOTED_INCLUDE_IN_FRAMEWORK_HEADER = YES;
				CLANG_WARN_RANGE_LOOP_ANALYSIS = YES;
				CLANG_WARN_STRICT_PROTOTYPES = YES;
				CLANG_WARN_SUSPICIOUS_MOVE = YES;
				CLANG_WARN_UNGUARDED_AVAILABILITY = YES_AGGRESSIVE;
				CLANG_WARN_UNREACHABLE_CODE = YES;
				CLANG_WARN__DUPLICATE_METHOD_MATCH = YES;
				COPY_PHASE_STRIP = NO;
				DEBUG_INFORMATION_FORMAT = dwarf;
				ENABLE_STRICT_OBJC_MSGSEND = YES;
				ENABLE_TESTABILITY = YES;
				GCC_C_LANGUAGE_STANDARD = gnu11;
				GCC_DYNAMIC_NO_PIC = NO;
				GCC_NO_COMMON_BLOCKS = YES;
				GCC_OPTIMIZATION_LEVEL = 0;
				GCC_PREPROCESSOR_DEFINITIONS = (
					"DEBUG=1",
					"$(inherited)",
				);
				GCC_WARN_64_TO_32_BIT_CONVERSION = YES;
				GCC_WARN_ABOUT_RETURN_TYPE = YES_ERROR;
				GCC_WARN_UNDECLARED_SELECTOR = YES;
				GCC_WARN_UNINITIALIZED_AUTOS = YES_AGGRESSIVE;
				GCC_WARN_UNUSED_FUNCTION = YES;
				GCC_WARN_UNUSED_VARIABLE = YES;
				IPHONEOS_DEPLOYMENT_TARGET = 14.2;
				MTL_ENABLE_DEBUG_INFO = INCLUDE_SOURCE;
				MTL_FAST_MATH = YES;
				ONLY_ACTIVE_ARCH = YES;
				SDKROOT = iphoneos;
				SWIFT_ACTIVE_COMPILATION_CONDITIONS = DEBUG;
				SWIFT_OPTIMIZATION_LEVEL = "-Onone";
			};
			name = Debug;
		};
		910B3DC3257133F100BD0F29 /* Release */ = {
			isa = XCBuildConfiguration;
			buildSettings = {
				ALWAYS_SEARCH_USER_PATHS = NO;
				CLANG_ANALYZER_NONNULL = YES;
				CLANG_ANALYZER_NUMBER_OBJECT_CONVERSION = YES_AGGRESSIVE;
				CLANG_CXX_LANGUAGE_STANDARD = "gnu++14";
				CLANG_CXX_LIBRARY = "libc++";
				CLANG_ENABLE_MODULES = YES;
				CLANG_ENABLE_OBJC_ARC = YES;
				CLANG_ENABLE_OBJC_WEAK = YES;
				CLANG_WARN_BLOCK_CAPTURE_AUTORELEASING = YES;
				CLANG_WARN_BOOL_CONVERSION = YES;
				CLANG_WARN_COMMA = YES;
				CLANG_WARN_CONSTANT_CONVERSION = YES;
				CLANG_WARN_DEPRECATED_OBJC_IMPLEMENTATIONS = YES;
				CLANG_WARN_DIRECT_OBJC_ISA_USAGE = YES_ERROR;
				CLANG_WARN_DOCUMENTATION_COMMENTS = YES;
				CLANG_WARN_EMPTY_BODY = YES;
				CLANG_WARN_ENUM_CONVERSION = YES;
				CLANG_WARN_INFINITE_RECURSION = YES;
				CLANG_WARN_INT_CONVERSION = YES;
				CLANG_WARN_NON_LITERAL_NULL_CONVERSION = YES;
				CLANG_WARN_OBJC_IMPLICIT_RETAIN_SELF = YES;
				CLANG_WARN_OBJC_LITERAL_CONVERSION = YES;
				CLANG_WARN_OBJC_ROOT_CLASS = YES_ERROR;
				CLANG_WARN_QUOTED_INCLUDE_IN_FRAMEWORK_HEADER = YES;
				CLANG_WARN_RANGE_LOOP_ANALYSIS = YES;
				CLANG_WARN_STRICT_PROTOTYPES = YES;
				CLANG_WARN_SUSPICIOUS_MOVE = YES;
				CLANG_WARN_UNGUARDED_AVAILABILITY = YES_AGGRESSIVE;
				CLANG_WARN_UNREACHABLE_CODE = YES;
				CLANG_WARN__DUPLICATE_METHOD_MATCH = YES;
				COPY_PHASE_STRIP = NO;
				DEBUG_INFORMATION_FORMAT = "dwarf-with-dsym";
				ENABLE_NS_ASSERTIONS = NO;
				ENABLE_STRICT_OBJC_MSGSEND = YES;
				GCC_C_LANGUAGE_STANDARD = gnu11;
				GCC_NO_COMMON_BLOCKS = YES;
				GCC_WARN_64_TO_32_BIT_CONVERSION = YES;
				GCC_WARN_ABOUT_RETURN_TYPE = YES_ERROR;
				GCC_WARN_UNDECLARED_SELECTOR = YES;
				GCC_WARN_UNINITIALIZED_AUTOS = YES_AGGRESSIVE;
				GCC_WARN_UNUSED_FUNCTION = YES;
				GCC_WARN_UNUSED_VARIABLE = YES;
				IPHONEOS_DEPLOYMENT_TARGET = 14.2;
				MTL_ENABLE_DEBUG_INFO = NO;
				MTL_FAST_MATH = YES;
				SDKROOT = iphoneos;
				SWIFT_COMPILATION_MODE = wholemodule;
				SWIFT_OPTIMIZATION_LEVEL = "-O";
				VALIDATE_PRODUCT = YES;
			};
			name = Release;
		};
		910B3DC5257133F100BD0F29 /* Debug */ = {
			isa = XCBuildConfiguration;
			buildSettings = {
				ASSETCATALOG_COMPILER_APPICON_NAME = AppIcon;
				ASSETCATALOG_COMPILER_GLOBAL_ACCENT_COLOR_NAME = AccentColor;
				CODE_SIGN_STYLE = Automatic;
				DEVELOPMENT_TEAM = GJM8829Q7N;
				INFOPLIST_FILE = "ADG-Externals/Info.plist";
				IPHONEOS_DEPLOYMENT_TARGET = 14.0;
				LD_RUNPATH_SEARCH_PATHS = (
					"$(inherited)",
					"@executable_path/Frameworks",
				);
				PRODUCT_BUNDLE_IDENTIFIER = com.gokulnair.adgClone;
				PRODUCT_NAME = "$(TARGET_NAME)";
				SWIFT_VERSION = 5.0;
				TARGETED_DEVICE_FAMILY = 1;
			};
			name = Debug;
		};
		910B3DC6257133F100BD0F29 /* Release */ = {
			isa = XCBuildConfiguration;
			buildSettings = {
				ASSETCATALOG_COMPILER_APPICON_NAME = AppIcon;
				ASSETCATALOG_COMPILER_GLOBAL_ACCENT_COLOR_NAME = AccentColor;
				CODE_SIGN_STYLE = Automatic;
				DEVELOPMENT_TEAM = GJM8829Q7N;
				INFOPLIST_FILE = "ADG-Externals/Info.plist";
				IPHONEOS_DEPLOYMENT_TARGET = 14.0;
				LD_RUNPATH_SEARCH_PATHS = (
					"$(inherited)",
					"@executable_path/Frameworks",
				);
				PRODUCT_BUNDLE_IDENTIFIER = com.gokulnair.adgClone;
				PRODUCT_NAME = "$(TARGET_NAME)";
				SWIFT_VERSION = 5.0;
				TARGETED_DEVICE_FAMILY = 1;
			};
			name = Release;
		};
/* End XCBuildConfiguration section */

/* Begin XCConfigurationList section */
		910B3DAB257133E900BD0F29 /* Build configuration list for PBXProject "ADG-Externals" */ = {
			isa = XCConfigurationList;
			buildConfigurations = (
				910B3DC2257133F100BD0F29 /* Debug */,
				910B3DC3257133F100BD0F29 /* Release */,
			);
			defaultConfigurationIsVisible = 0;
			defaultConfigurationName = Release;
		};
		910B3DC4257133F100BD0F29 /* Build configuration list for PBXNativeTarget "ADG-Externals" */ = {
			isa = XCConfigurationList;
			buildConfigurations = (
				910B3DC5257133F100BD0F29 /* Debug */,
				910B3DC6257133F100BD0F29 /* Release */,
			);
			defaultConfigurationIsVisible = 0;
			defaultConfigurationName = Release;
		};
/* End XCConfigurationList section */

/* Begin XCRemoteSwiftPackageReference section */
		55F56B822586568F00787089 /* XCRemoteSwiftPackageReference "IQKeyboardManager" */ = {
			isa = XCRemoteSwiftPackageReference;
			repositoryURL = "https://github.com/hackiftekhar/IQKeyboardManager";
			requirement = {
				kind = upToNextMajorVersion;
				minimumVersion = 6.5.6;
			};
		};
/* End XCRemoteSwiftPackageReference section */

/* Begin XCSwiftPackageProductDependency section */
		55F56B832586568F00787089 /* IQKeyboardManagerSwift */ = {
			isa = XCSwiftPackageProductDependency;
			package = 55F56B822586568F00787089 /* XCRemoteSwiftPackageReference "IQKeyboardManager" */;
			productName = IQKeyboardManagerSwift;
		};
/* End XCSwiftPackageProductDependency section */

/* Begin XCVersionGroup section */
		553F9526258387380018CC09 /* coreAuthKey.xcdatamodeld */ = {
			isa = XCVersionGroup;
			children = (
				553F9527258387380018CC09 /* coreAuthKey.xcdatamodel */,
			);
			currentVersion = 553F9527258387380018CC09 /* coreAuthKey.xcdatamodel */;
			name = coreAuthKey.xcdatamodeld;
			path = View/coreAuthKey.xcdatamodeld;
			sourceTree = "<group>";
			versionGroupType = wrapper.xcdatamodel;
		};
/* End XCVersionGroup section */
	};
	rootObject = 910B3DA8257133E900BD0F29 /* Project object */;
}
